
Microsoft Visual Studio Solution File, Format Version 11.00
# Visual Studio 2010
Project("{FAE04EC0-301F-11D3-BF4B-00C04F79EFBC}") = "CERMapping", "CERMapping\CERMapping.csproj", "{22F7F4EE-CC58-4632-AF48-392AAC920BC0}"
	ProjectSection(ProjectDependencies) = postProject
		{F26A6A95-E5E2-4CE3-AE6C-A76B54C18FA5} = {F26A6A95-E5E2-4CE3-AE6C-A76B54C18FA5}
	EndProjectSection
EndProject
Project("{FAE04EC0-301F-11D3-BF4B-00C04F79EFBC}") = "LibEngineCmd", "LibEngineCmd\LibEngineCmd.csproj", "{F26A6A95-E5E2-4CE3-AE6C-A76B54C18FA5}"
EndProject
Project("{FAE04EC0-301F-11D3-BF4B-00C04F79EFBC}") = "LibCerMap", "LibCerMap\LibCerMap.csproj", "{8BBE018B-8262-479A-B478-A50C450A5FF1}"
EndProject
Project("{FAE04EC0-301F-11D3-BF4B-00C04F79EFBC}") = "RulerControl", "RulerControl\RulerControl.csproj", "{A6A2F3F6-DB6E-4D05-9C6E-BE823C17FF19}"
EndProject
Project("{FAE04EC0-301F-11D3-BF4B-00C04F79EFBC}") = "LibModelGen", "ModelGen\LibModelGen.csproj", "{11B6CA0A-D5E8-40EF-BA2E-6D7751073074}"
EndProject
Project("{FAE04EC0-301F-11D3-BF4B-00C04F79EFBC}") = "lib3ds", "lib3ds\lib3ds.csproj", "{8BAD142B-A634-4345-8849-068B6B4576CD}"
EndProject
Project("{FAE04EC0-301F-11D3-BF4B-00C04F79EFBC}") = "LibCheckUpdate", "LibCheckUpdate\LibCheckUpdate.csproj", "{85832C1E-DAA3-4816-A8D1-0043D210FC14}"
EndProject
Project("{FAE04EC0-301F-11D3-BF4B-00C04F79EFBC}") = "Update", "Update\Update.csproj", "{2A0BA1B2-A0F1-479F-9083-2EC11D6B70DF}"
EndProject
Project("{54435603-DBB4-11D2-8724-00A0C9A8B90C}") = "Setup", "Setup\Setup.vdproj", "{0C2F6CDD-411A-47E5-AB24-84908042418B}"
EndProject
Project("{FAE04EC0-301F-11D3-BF4B-00C04F79EFBC}") = "DataAlignment", "DataAlignment\DataAlignment.csproj", "{3D14B6CB-F85F-4D13-89B1-B5E552C00E2A}"
EndProject
Global
	GlobalSection(SolutionConfigurationPlatforms) = preSolution
		Debug Staticlib|Any CPU = Debug Staticlib|Any CPU
		Debug Staticlib|Mixed Platforms = Debug Staticlib|Mixed Platforms
		Debug Staticlib|Win32 = Debug Staticlib|Win32
		Debug Staticlib|x64 = Debug Staticlib|x64
		Debug Staticlib|x86 = Debug Staticlib|x86
		Debug|Any CPU = Debug|Any CPU
		Debug|Mixed Platforms = Debug|Mixed Platforms
		Debug|Win32 = Debug|Win32
		Debug|x64 = Debug|x64
		Debug|x86 = Debug|x86
		Release StaticLib|Any CPU = Release StaticLib|Any CPU
		Release StaticLib|Mixed Platforms = Release StaticLib|Mixed Platforms
		Release StaticLib|Win32 = Release StaticLib|Win32
		Release StaticLib|x64 = Release StaticLib|x64
		Release StaticLib|x86 = Release StaticLib|x86
		Release|Any CPU = Release|Any CPU
		Release|Mixed Platforms = Release|Mixed Platforms
		Release|Win32 = Release|Win32
		Release|x64 = Release|x64
		Release|x86 = Release|x86
	EndGlobalSection
	GlobalSection(ProjectConfigurationPlatforms) = postSolution
		{22F7F4EE-CC58-4632-AF48-392AAC920BC0}.Debug Staticlib|Any CPU.ActiveCfg = Debug|x64
		{22F7F4EE-CC58-4632-AF48-392AAC920BC0}.Debug Staticlib|Mixed Platforms.ActiveCfg = Debug|x64
		{22F7F4EE-CC58-4632-AF48-392AAC920BC0}.Debug Staticlib|Mixed Platforms.Build.0 = Debug|x64
		{22F7F4EE-CC58-4632-AF48-392AAC920BC0}.Debug Staticlib|Win32.ActiveCfg = Debug|x64
		{22F7F4EE-CC58-4632-AF48-392AAC920BC0}.Debug Staticlib|x64.ActiveCfg = Debug|x64
		{22F7F4EE-CC58-4632-AF48-392AAC920BC0}.Debug Staticlib|x64.Build.0 = Debug|x64
		{22F7F4EE-CC58-4632-AF48-392AAC920BC0}.Debug Staticlib|x86.ActiveCfg = Debug|x64
		{22F7F4EE-CC58-4632-AF48-392AAC920BC0}.Debug|Any CPU.ActiveCfg = Debug|x86
		{22F7F4EE-CC58-4632-AF48-392AAC920BC0}.Debug|Mixed Platforms.ActiveCfg = Debug|x86
		{22F7F4EE-CC58-4632-AF48-392AAC920BC0}.Debug|Mixed Platforms.Build.0 = Debug|x86
		{22F7F4EE-CC58-4632-AF48-392AAC920BC0}.Debug|Win32.ActiveCfg = Debug|x86
		{22F7F4EE-CC58-4632-AF48-392AAC920BC0}.Debug|x64.ActiveCfg = Debug|x64
		{22F7F4EE-CC58-4632-AF48-392AAC920BC0}.Debug|x64.Build.0 = Debug|x64
		{22F7F4EE-CC58-4632-AF48-392AAC920BC0}.Debug|x86.ActiveCfg = Debug|x86
		{22F7F4EE-CC58-4632-AF48-392AAC920BC0}.Debug|x86.Build.0 = Debug|x86
		{22F7F4EE-CC58-4632-AF48-392AAC920BC0}.Release StaticLib|Any CPU.ActiveCfg = Release|x64
		{22F7F4EE-CC58-4632-AF48-392AAC920BC0}.Release StaticLib|Mixed Platforms.ActiveCfg = Release|x64
		{22F7F4EE-CC58-4632-AF48-392AAC920BC0}.Release StaticLib|Mixed Platforms.Build.0 = Release|x64
		{22F7F4EE-CC58-4632-AF48-392AAC920BC0}.Release StaticLib|Win32.ActiveCfg = Release|x64
		{22F7F4EE-CC58-4632-AF48-392AAC920BC0}.Release StaticLib|x64.ActiveCfg = Release|x64
		{22F7F4EE-CC58-4632-AF48-392AAC920BC0}.Release StaticLib|x64.Build.0 = Release|x64
		{22F7F4EE-CC58-4632-AF48-392AAC920BC0}.Release StaticLib|x86.ActiveCfg = Release|x64
		{22F7F4EE-CC58-4632-AF48-392AAC920BC0}.Release|Any CPU.ActiveCfg = Release|x86
		{22F7F4EE-CC58-4632-AF48-392AAC920BC0}.Release|Mixed Platforms.ActiveCfg = Release|x86
		{22F7F4EE-CC58-4632-AF48-392AAC920BC0}.Release|Mixed Platforms.Build.0 = Release|x86
		{22F7F4EE-CC58-4632-AF48-392AAC920BC0}.Release|Win32.ActiveCfg = Release|x86
		{22F7F4EE-CC58-4632-AF48-392AAC920BC0}.Release|x64.ActiveCfg = Release|x64
		{22F7F4EE-CC58-4632-AF48-392AAC920BC0}.Release|x64.Build.0 = Release|x64
		{22F7F4EE-CC58-4632-AF48-392AAC920BC0}.Release|x86.ActiveCfg = Release|x86
		{22F7F4EE-CC58-4632-AF48-392AAC920BC0}.Release|x86.Build.0 = Release|x86
		{F26A6A95-E5E2-4CE3-AE6C-A76B54C18FA5}.Debug Staticlib|Any CPU.ActiveCfg = Debug|Any CPU
		{F26A6A95-E5E2-4CE3-AE6C-A76B54C18FA5}.Debug Staticlib|Any CPU.Build.0 = Debug|Any CPU
		{F26A6A95-E5E2-4CE3-AE6C-A76B54C18FA5}.Debug Staticlib|Mixed Platforms.ActiveCfg = Debug|Any CPU
		{F26A6A95-E5E2-4CE3-AE6C-A76B54C18FA5}.Debug Staticlib|Mixed Platforms.Build.0 = Debug|Any CPU
		{F26A6A95-E5E2-4CE3-AE6C-A76B54C18FA5}.Debug Staticlib|Win32.ActiveCfg = Debug|Any CPU
		{F26A6A95-E5E2-4CE3-AE6C-A76B54C18FA5}.Debug Staticlib|x64.ActiveCfg = Debug|Any CPU
		{F26A6A95-E5E2-4CE3-AE6C-A76B54C18FA5}.Debug Staticlib|x86.ActiveCfg = Debug|Any CPU
		{F26A6A95-E5E2-4CE3-AE6C-A76B54C18FA5}.Debug|Any CPU.ActiveCfg = Debug|Any CPU
		{F26A6A95-E5E2-4CE3-AE6C-A76B54C18FA5}.Debug|Any CPU.Build.0 = Debug|Any CPU
		{F26A6A95-E5E2-4CE3-AE6C-A76B54C18FA5}.Debug|Mixed Platforms.ActiveCfg = Debug|Any CPU
		{F26A6A95-E5E2-4CE3-AE6C-A76B54C18FA5}.Debug|Mixed Platforms.Build.0 = Debug|Any CPU
		{F26A6A95-E5E2-4CE3-AE6C-A76B54C18FA5}.Debug|Win32.ActiveCfg = Debug|Any CPU
		{F26A6A95-E5E2-4CE3-AE6C-A76B54C18FA5}.Debug|x64.ActiveCfg = Debug|Any CPU
		{F26A6A95-E5E2-4CE3-AE6C-A76B54C18FA5}.Debug|x86.ActiveCfg = Debug|Any CPU
		{F26A6A95-E5E2-4CE3-AE6C-A76B54C18FA5}.Release StaticLib|Any CPU.ActiveCfg = Release|Any CPU
		{F26A6A95-E5E2-4CE3-AE6C-A76B54C18FA5}.Release StaticLib|Any CPU.Build.0 = Release|Any CPU
		{F26A6A95-E5E2-4CE3-AE6C-A76B54C18FA5}.Release StaticLib|Mixed Platforms.ActiveCfg = Release|Any CPU
		{F26A6A95-E5E2-4CE3-AE6C-A76B54C18FA5}.Release StaticLib|Mixed Platforms.Build.0 = Release|Any CPU
		{F26A6A95-E5E2-4CE3-AE6C-A76B54C18FA5}.Release StaticLib|Win32.ActiveCfg = Release|Any CPU
		{F26A6A95-E5E2-4CE3-AE6C-A76B54C18FA5}.Release StaticLib|x64.ActiveCfg = Release|Any CPU
		{F26A6A95-E5E2-4CE3-AE6C-A76B54C18FA5}.Release StaticLib|x86.ActiveCfg = Release|Any CPU
		{F26A6A95-E5E2-4CE3-AE6C-A76B54C18FA5}.Release|Any CPU.ActiveCfg = Release|Any CPU
		{F26A6A95-E5E2-4CE3-AE6C-A76B54C18FA5}.Release|Any CPU.Build.0 = Release|Any CPU
		{F26A6A95-E5E2-4CE3-AE6C-A76B54C18FA5}.Release|Mixed Platforms.ActiveCfg = Release|Any CPU
		{F26A6A95-E5E2-4CE3-AE6C-A76B54C18FA5}.Release|Mixed Platforms.Build.0 = Release|Any CPU
		{F26A6A95-E5E2-4CE3-AE6C-A76B54C18FA5}.Release|Win32.ActiveCfg = Release|Any CPU
		{F26A6A95-E5E2-4CE3-AE6C-A76B54C18FA5}.Release|x64.ActiveCfg = Release|Any CPU
		{F26A6A95-E5E2-4CE3-AE6C-A76B54C18FA5}.Release|x86.ActiveCfg = Release|Any CPU
		{8BBE018B-8262-479A-B478-A50C450A5FF1}.Debug Staticlib|Any CPU.ActiveCfg = Debug|Any CPU
		{8BBE018B-8262-479A-B478-A50C450A5FF1}.Debug Staticlib|Any CPU.Build.0 = Debug|Any CPU
		{8BBE018B-8262-479A-B478-A50C450A5FF1}.Debug Staticlib|Mixed Platforms.ActiveCfg = Debug|Any CPU
		{8BBE018B-8262-479A-B478-A50C450A5FF1}.Debug Staticlib|Mixed Platforms.Build.0 = Debug|Any CPU
		{8BBE018B-8262-479A-B478-A50C450A5FF1}.Debug Staticlib|Win32.ActiveCfg = Debug|Any CPU
		{8BBE018B-8262-479A-B478-A50C450A5FF1}.Debug Staticlib|x64.ActiveCfg = Debug|Any CPU
		{8BBE018B-8262-479A-B478-A50C450A5FF1}.Debug Staticlib|x86.ActiveCfg = Debug|Any CPU
		{8BBE018B-8262-479A-B478-A50C450A5FF1}.Debug|Any CPU.ActiveCfg = Debug|Any CPU
		{8BBE018B-8262-479A-B478-A50C450A5FF1}.Debug|Any CPU.Build.0 = Debug|Any CPU
		{8BBE018B-8262-479A-B478-A50C450A5FF1}.Debug|Mixed Platforms.ActiveCfg = Debug|Any CPU
		{8BBE018B-8262-479A-B478-A50C450A5FF1}.Debug|Mixed Platforms.Build.0 = Debug|Any CPU
		{8BBE018B-8262-479A-B478-A50C450A5FF1}.Debug|Win32.ActiveCfg = Debug|Any CPU
		{8BBE018B-8262-479A-B478-A50C450A5FF1}.Debug|x64.ActiveCfg = Debug|Any CPU
		{8BBE018B-8262-479A-B478-A50C450A5FF1}.Debug|x86.ActiveCfg = Debug|Any CPU
		{8BBE018B-8262-479A-B478-A50C450A5FF1}.Release StaticLib|Any CPU.ActiveCfg = Release|Any CPU
		{8BBE018B-8262-479A-B478-A50C450A5FF1}.Release StaticLib|Any CPU.Build.0 = Release|Any CPU
		{8BBE018B-8262-479A-B478-A50C450A5FF1}.Release StaticLib|Mixed Platforms.ActiveCfg = Release|Any CPU
		{8BBE018B-8262-479A-B478-A50C450A5FF1}.Release StaticLib|Mixed Platforms.Build.0 = Release|Any CPU
		{8BBE018B-8262-479A-B478-A50C450A5FF1}.Release StaticLib|Win32.ActiveCfg = Release|Any CPU
		{8BBE018B-8262-479A-B478-A50C450A5FF1}.Release StaticLib|x64.ActiveCfg = Release|Any CPU
		{8BBE018B-8262-479A-B478-A50C450A5FF1}.Release StaticLib|x86.ActiveCfg = Release|Any CPU
		{8BBE018B-8262-479A-B478-A50C450A5FF1}.Release|Any CPU.ActiveCfg = Release|Any CPU
		{8BBE018B-8262-479A-B478-A50C450A5FF1}.Release|Any CPU.Build.0 = Release|Any CPU
		{8BBE018B-8262-479A-B478-A50C450A5FF1}.Release|Mixed Platforms.ActiveCfg = Release|Any CPU
		{8BBE018B-8262-479A-B478-A50C450A5FF1}.Release|Mixed Platforms.Build.0 = Release|Any CPU
		{8BBE018B-8262-479A-B478-A50C450A5FF1}.Release|Win32.ActiveCfg = Release|Any CPU
		{8BBE018B-8262-479A-B478-A50C450A5FF1}.Release|x64.ActiveCfg = Release|Any CPU
		{8BBE018B-8262-479A-B478-A50C450A5FF1}.Release|x86.ActiveCfg = Release|Any CPU
		{A6A2F3F6-DB6E-4D05-9C6E-BE823C17FF19}.Debug Staticlib|Any CPU.ActiveCfg = Debug|Any CPU
		{A6A2F3F6-DB6E-4D05-9C6E-BE823C17FF19}.Debug Staticlib|Any CPU.Build.0 = Debug|Any CPU
		{A6A2F3F6-DB6E-4D05-9C6E-BE823C17FF19}.Debug Staticlib|Mixed Platforms.ActiveCfg = Debug|Any CPU
		{A6A2F3F6-DB6E-4D05-9C6E-BE823C17FF19}.Debug Staticlib|Mixed Platforms.Build.0 = Debug|Any CPU
		{A6A2F3F6-DB6E-4D05-9C6E-BE823C17FF19}.Debug Staticlib|Win32.ActiveCfg = Debug|Any CPU
		{A6A2F3F6-DB6E-4D05-9C6E-BE823C17FF19}.Debug Staticlib|x64.ActiveCfg = Debug|Any CPU
		{A6A2F3F6-DB6E-4D05-9C6E-BE823C17FF19}.Debug Staticlib|x86.ActiveCfg = Debug|Any CPU
		{A6A2F3F6-DB6E-4D05-9C6E-BE823C17FF19}.Debug|Any CPU.ActiveCfg = Debug|Any CPU
		{A6A2F3F6-DB6E-4D05-9C6E-BE823C17FF19}.Debug|Any CPU.Build.0 = Debug|Any CPU
		{A6A2F3F6-DB6E-4D05-9C6E-BE823C17FF19}.Debug|Mixed Platforms.ActiveCfg = Debug|Any CPU
		{A6A2F3F6-DB6E-4D05-9C6E-BE823C17FF19}.Debug|Mixed Platforms.Build.0 = Debug|Any CPU
		{A6A2F3F6-DB6E-4D05-9C6E-BE823C17FF19}.Debug|Win32.ActiveCfg = Debug|Any CPU
		{A6A2F3F6-DB6E-4D05-9C6E-BE823C17FF19}.Debug|x64.ActiveCfg = Debug|Any CPU
		{A6A2F3F6-DB6E-4D05-9C6E-BE823C17FF19}.Debug|x86.ActiveCfg = Debug|Any CPU
		{A6A2F3F6-DB6E-4D05-9C6E-BE823C17FF19}.Release StaticLib|Any CPU.ActiveCfg = Release|Any CPU
		{A6A2F3F6-DB6E-4D05-9C6E-BE823C17FF19}.Release StaticLib|Any CPU.Build.0 = Release|Any CPU
		{A6A2F3F6-DB6E-4D05-9C6E-BE823C17FF19}.Release StaticLib|Mixed Platforms.ActiveCfg = Release|Any CPU
		{A6A2F3F6-DB6E-4D05-9C6E-BE823C17FF19}.Release StaticLib|Mixed Platforms.Build.0 = Release|Any CPU
		{A6A2F3F6-DB6E-4D05-9C6E-BE823C17FF19}.Release StaticLib|Win32.ActiveCfg = Release|Any CPU
		{A6A2F3F6-DB6E-4D05-9C6E-BE823C17FF19}.Release StaticLib|x64.ActiveCfg = Release|Any CPU
		{A6A2F3F6-DB6E-4D05-9C6E-BE823C17FF19}.Release StaticLib|x86.ActiveCfg = Release|Any CPU
		{A6A2F3F6-DB6E-4D05-9C6E-BE823C17FF19}.Release|Any CPU.ActiveCfg = Release|Any CPU
		{A6A2F3F6-DB6E-4D05-9C6E-BE823C17FF19}.Release|Any CPU.Build.0 = Release|Any CPU
		{A6A2F3F6-DB6E-4D05-9C6E-BE823C17FF19}.Release|Mixed Platforms.ActiveCfg = Release|Any CPU
		{A6A2F3F6-DB6E-4D05-9C6E-BE823C17FF19}.Release|Mixed Platforms.Build.0 = Release|Any CPU
		{A6A2F3F6-DB6E-4D05-9C6E-BE823C17FF19}.Release|Win32.ActiveCfg = Release|Any CPU
		{A6A2F3F6-DB6E-4D05-9C6E-BE823C17FF19}.Release|x64.ActiveCfg = Release|Any CPU
		{A6A2F3F6-DB6E-4D05-9C6E-BE823C17FF19}.Release|x86.ActiveCfg = Release|Any CPU
		{11B6CA0A-D5E8-40EF-BA2E-6D7751073074}.Debug Staticlib|Any CPU.ActiveCfg = Debug|Any CPU
		{11B6CA0A-D5E8-40EF-BA2E-6D7751073074}.Debug Staticlib|Any CPU.Build.0 = Debug|Any CPU
		{11B6CA0A-D5E8-40EF-BA2E-6D7751073074}.Debug Staticlib|Mixed Platforms.ActiveCfg = Debug|Any CPU
		{11B6CA0A-D5E8-40EF-BA2E-6D7751073074}.Debug Staticlib|Mixed Platforms.Build.0 = Debug|Any CPU
		{11B6CA0A-D5E8-40EF-BA2E-6D7751073074}.Debug Staticlib|Win32.ActiveCfg = Debug|Any CPU
		{11B6CA0A-D5E8-40EF-BA2E-6D7751073074}.Debug Staticlib|x64.ActiveCfg = Debug|Any CPU
		{11B6CA0A-D5E8-40EF-BA2E-6D7751073074}.Debug Staticlib|x86.ActiveCfg = Debug|Any CPU
		{11B6CA0A-D5E8-40EF-BA2E-6D7751073074}.Debug|Any CPU.ActiveCfg = Debug|Any CPU
		{11B6CA0A-D5E8-40EF-BA2E-6D7751073074}.Debug|Any CPU.Build.0 = Debug|Any CPU
		{11B6CA0A-D5E8-40EF-BA2E-6D7751073074}.Debug|Mixed Platforms.ActiveCfg = Debug|Any CPU
		{11B6CA0A-D5E8-40EF-BA2E-6D7751073074}.Debug|Mixed Platforms.Build.0 = Debug|Any CPU
		{11B6CA0A-D5E8-40EF-BA2E-6D7751073074}.Debug|Win32.ActiveCfg = Debug|Any CPU
		{11B6CA0A-D5E8-40EF-BA2E-6D7751073074}.Debug|x64.ActiveCfg = Debug|Any CPU
		{11B6CA0A-D5E8-40EF-BA2E-6D7751073074}.Debug|x86.ActiveCfg = Debug|Any CPU
		{11B6CA0A-D5E8-40EF-BA2E-6D7751073074}.Release StaticLib|Any CPU.ActiveCfg = Release|Any CPU
		{11B6CA0A-D5E8-40EF-BA2E-6D7751073074}.Release StaticLib|Any CPU.Build.0 = Release|Any CPU
		{11B6CA0A-D5E8-40EF-BA2E-6D7751073074}.Release StaticLib|Mixed Platforms.ActiveCfg = Release|Any CPU
		{11B6CA0A-D5E8-40EF-BA2E-6D7751073074}.Release StaticLib|Mixed Platforms.Build.0 = Release|Any CPU
		{11B6CA0A-D5E8-40EF-BA2E-6D7751073074}.Release StaticLib|Win32.ActiveCfg = Release|Any CPU
		{11B6CA0A-D5E8-40EF-BA2E-6D7751073074}.Release StaticLib|x64.ActiveCfg = Release|Any CPU
		{11B6CA0A-D5E8-40EF-BA2E-6D7751073074}.Release StaticLib|x86.ActiveCfg = Release|Any CPU
		{11B6CA0A-D5E8-40EF-BA2E-6D7751073074}.Release|Any CPU.ActiveCfg = Release|Any CPU
		{11B6CA0A-D5E8-40EF-BA2E-6D7751073074}.Release|Any CPU.Build.0 = Release|Any CPU
		{11B6CA0A-D5E8-40EF-BA2E-6D7751073074}.Release|Mixed Platforms.ActiveCfg = Release|Any CPU
		{11B6CA0A-D5E8-40EF-BA2E-6D7751073074}.Release|Mixed Platforms.Build.0 = Release|Any CPU
		{11B6CA0A-D5E8-40EF-BA2E-6D7751073074}.Release|Win32.ActiveCfg = Release|Any CPU
		{11B6CA0A-D5E8-40EF-BA2E-6D7751073074}.Release|x64.ActiveCfg = Release|Any CPU
		{11B6CA0A-D5E8-40EF-BA2E-6D7751073074}.Release|x86.ActiveCfg = Release|Any CPU
		{8BAD142B-A634-4345-8849-068B6B4576CD}.Debug Staticlib|Any CPU.ActiveCfg = Debug|Any CPU
		{8BAD142B-A634-4345-8849-068B6B4576CD}.Debug Staticlib|Any CPU.Build.0 = Debug|Any CPU
		{8BAD142B-A634-4345-8849-068B6B4576CD}.Debug Staticlib|Mixed Platforms.ActiveCfg = Debug|Any CPU
		{8BAD142B-A634-4345-8849-068B6B4576CD}.Debug Staticlib|Mixed Platforms.Build.0 = Debug|Any CPU
		{8BAD142B-A634-4345-8849-068B6B4576CD}.Debug Staticlib|Win32.ActiveCfg = Debug|Any CPU
		{8BAD142B-A634-4345-8849-068B6B4576CD}.Debug Staticlib|x64.ActiveCfg = Debug|Any CPU
		{8BAD142B-A634-4345-8849-068B6B4576CD}.Debug Staticlib|x86.ActiveCfg = Debug|Any CPU
		{8BAD142B-A634-4345-8849-068B6B4576CD}.Debug|Any CPU.ActiveCfg = Debug|Any CPU
		{8BAD142B-A634-4345-8849-068B6B4576CD}.Debug|Any CPU.Build.0 = Debug|Any CPU
		{8BAD142B-A634-4345-8849-068B6B4576CD}.Debug|Mixed Platforms.ActiveCfg = Debug|Any CPU
		{8BAD142B-A634-4345-8849-068B6B4576CD}.Debug|Mixed Platforms.Build.0 = Debug|Any CPU
		{8BAD142B-A634-4345-8849-068B6B4576CD}.Debug|Win32.ActiveCfg = Debug|Any CPU
		{8BAD142B-A634-4345-8849-068B6B4576CD}.Debug|x64.ActiveCfg = Debug|Any CPU
		{8BAD142B-A634-4345-8849-068B6B4576CD}.Debug|x86.ActiveCfg = Debug|Any CPU
		{8BAD142B-A634-4345-8849-068B6B4576CD}.Release StaticLib|Any CPU.ActiveCfg = Release|Any CPU
		{8BAD142B-A634-4345-8849-068B6B4576CD}.Release StaticLib|Any CPU.Build.0 = Release|Any CPU
		{8BAD142B-A634-4345-8849-068B6B4576CD}.Release StaticLib|Mixed Platforms.ActiveCfg = Release|Any CPU
		{8BAD142B-A634-4345-8849-068B6B4576CD}.Release StaticLib|Mixed Platforms.Build.0 = Release|Any CPU
		{8BAD142B-A634-4345-8849-068B6B4576CD}.Release StaticLib|Win32.ActiveCfg = Release|Any CPU
		{8BAD142B-A634-4345-8849-068B6B4576CD}.Release StaticLib|x64.ActiveCfg = Release|Any CPU
		{8BAD142B-A634-4345-8849-068B6B4576CD}.Release StaticLib|x86.ActiveCfg = Release|Any CPU
		{8BAD142B-A634-4345-8849-068B6B4576CD}.Release|Any CPU.ActiveCfg = Release|Any CPU
		{8BAD142B-A634-4345-8849-068B6B4576CD}.Release|Any CPU.Build.0 = Release|Any CPU
		{8BAD142B-A634-4345-8849-068B6B4576CD}.Release|Mixed Platforms.ActiveCfg = Release|Any CPU
		{8BAD142B-A634-4345-8849-068B6B4576CD}.Release|Mixed Platforms.Build.0 = Release|Any CPU
		{8BAD142B-A634-4345-8849-068B6B4576CD}.Release|Win32.ActiveCfg = Release|Any CPU
		{8BAD142B-A634-4345-8849-068B6B4576CD}.Release|x64.ActiveCfg = Release|Any CPU
		{8BAD142B-A634-4345-8849-068B6B4576CD}.Release|x86.ActiveCfg = Release|Any CPU
		{85832C1E-DAA3-4816-A8D1-0043D210FC14}.Debug Staticlib|Any CPU.ActiveCfg = Debug|Any CPU
		{85832C1E-DAA3-4816-A8D1-0043D210FC14}.Debug Staticlib|Any CPU.Build.0 = Debug|Any CPU
		{85832C1E-DAA3-4816-A8D1-0043D210FC14}.Debug Staticlib|Mixed Platforms.ActiveCfg = Debug|Any CPU
		{85832C1E-DAA3-4816-A8D1-0043D210FC14}.Debug Staticlib|Mixed Platforms.Build.0 = Debug|Any CPU
		{85832C1E-DAA3-4816-A8D1-0043D210FC14}.Debug Staticlib|Win32.ActiveCfg = Debug|Any CPU
		{85832C1E-DAA3-4816-A8D1-0043D210FC14}.Debug Staticlib|x64.ActiveCfg = Debug|Any CPU
		{85832C1E-DAA3-4816-A8D1-0043D210FC14}.Debug Staticlib|x86.ActiveCfg = Debug|Any CPU
		{85832C1E-DAA3-4816-A8D1-0043D210FC14}.Debug|Any CPU.ActiveCfg = Debug|Any CPU
		{85832C1E-DAA3-4816-A8D1-0043D210FC14}.Debug|Any CPU.Build.0 = Debug|Any CPU
		{85832C1E-DAA3-4816-A8D1-0043D210FC14}.Debug|Mixed Platforms.ActiveCfg = Debug|Any CPU
		{85832C1E-DAA3-4816-A8D1-0043D210FC14}.Debug|Mixed Platforms.Build.0 = Debug|Any CPU
		{85832C1E-DAA3-4816-A8D1-0043D210FC14}.Debug|Win32.ActiveCfg = Debug|Any CPU
		{85832C1E-DAA3-4816-A8D1-0043D210FC14}.Debug|x64.ActiveCfg = Debug|Any CPU
		{85832C1E-DAA3-4816-A8D1-0043D210FC14}.Debug|x86.ActiveCfg = Debug|Any CPU
		{85832C1E-DAA3-4816-A8D1-0043D210FC14}.Release StaticLib|Any CPU.ActiveCfg = Release|Any CPU
		{85832C1E-DAA3-4816-A8D1-0043D210FC14}.Release StaticLib|Any CPU.Build.0 = Release|Any CPU
		{85832C1E-DAA3-4816-A8D1-0043D210FC14}.Release StaticLib|Mixed Platforms.ActiveCfg = Release|Any CPU
		{85832C1E-DAA3-4816-A8D1-0043D210FC14}.Release StaticLib|Mixed Platforms.Build.0 = Release|Any CPU
		{85832C1E-DAA3-4816-A8D1-0043D210FC14}.Release StaticLib|Win32.ActiveCfg = Release|Any CPU
		{85832C1E-DAA3-4816-A8D1-0043D210FC14}.Release StaticLib|x64.ActiveCfg = Release|Any CPU
		{85832C1E-DAA3-4816-A8D1-0043D210FC14}.Release StaticLib|x86.ActiveCfg = Release|Any CPU
		{85832C1E-DAA3-4816-A8D1-0043D210FC14}.Release|Any CPU.ActiveCfg = Release|Any CPU
		{85832C1E-DAA3-4816-A8D1-0043D210FC14}.Release|Any CPU.Build.0 = Release|Any CPU
		{85832C1E-DAA3-4816-A8D1-0043D210FC14}.Release|Mixed Platforms.ActiveCfg = Release|Any CPU
		{85832C1E-DAA3-4816-A8D1-0043D210FC14}.Release|Mixed Platforms.Build.0 = Release|Any CPU
		{85832C1E-DAA3-4816-A8D1-0043D210FC14}.Release|Win32.ActiveCfg = Release|Any CPU
		{85832C1E-DAA3-4816-A8D1-0043D210FC14}.Release|x64.ActiveCfg = Release|Any CPU
		{85832C1E-DAA3-4816-A8D1-0043D210FC14}.Release|x86.ActiveCfg = Release|Any CPU
		{2A0BA1B2-A0F1-479F-9083-2EC11D6B70DF}.Debug Staticlib|Any CPU.ActiveCfg = Debug|Any CPU
		{2A0BA1B2-A0F1-479F-9083-2EC11D6B70DF}.Debug Staticlib|Any CPU.Build.0 = Debug|Any CPU
		{2A0BA1B2-A0F1-479F-9083-2EC11D6B70DF}.Debug Staticlib|Mixed Platforms.ActiveCfg = Debug|Any CPU
		{2A0BA1B2-A0F1-479F-9083-2EC11D6B70DF}.Debug Staticlib|Mixed Platforms.Build.0 = Debug|Any CPU
		{2A0BA1B2-A0F1-479F-9083-2EC11D6B70DF}.Debug Staticlib|Win32.ActiveCfg = Debug|Any CPU
		{2A0BA1B2-A0F1-479F-9083-2EC11D6B70DF}.Debug Staticlib|x64.ActiveCfg = Debug|Any CPU
		{2A0BA1B2-A0F1-479F-9083-2EC11D6B70DF}.Debug Staticlib|x86.ActiveCfg = Debug|Any CPU
		{2A0BA1B2-A0F1-479F-9083-2EC11D6B70DF}.Debug|Any CPU.ActiveCfg = Debug|Any CPU
		{2A0BA1B2-A0F1-479F-9083-2EC11D6B70DF}.Debug|Any CPU.Build.0 = Debug|Any CPU
		{2A0BA1B2-A0F1-479F-9083-2EC11D6B70DF}.Debug|Mixed Platforms.ActiveCfg = Debug|Any CPU
		{2A0BA1B2-A0F1-479F-9083-2EC11D6B70DF}.Debug|Mixed Platforms.Build.0 = Debug|Any CPU
		{2A0BA1B2-A0F1-479F-9083-2EC11D6B70DF}.Debug|Win32.ActiveCfg = Debug|Any CPU
		{2A0BA1B2-A0F1-479F-9083-2EC11D6B70DF}.Debug|x64.ActiveCfg = Debug|Any CPU
		{2A0BA1B2-A0F1-479F-9083-2EC11D6B70DF}.Debug|x86.ActiveCfg = Debug|Any CPU
		{2A0BA1B2-A0F1-479F-9083-2EC11D6B70DF}.Release StaticLib|Any CPU.ActiveCfg = Release|Any CPU
		{2A0BA1B2-A0F1-479F-9083-2EC11D6B70DF}.Release StaticLib|Any CPU.Build.0 = Release|Any CPU
		{2A0BA1B2-A0F1-479F-9083-2EC11D6B70DF}.Release StaticLib|Mixed Platforms.ActiveCfg = Release|Any CPU
		{2A0BA1B2-A0F1-479F-9083-2EC11D6B70DF}.Release StaticLib|Mixed Platforms.Build.0 = Release|Any CPU
		{2A0BA1B2-A0F1-479F-9083-2EC11D6B70DF}.Release StaticLib|Win32.ActiveCfg = Release|Any CPU
		{2A0BA1B2-A0F1-479F-9083-2EC11D6B70DF}.Release StaticLib|x64.ActiveCfg = Release|Any CPU
		{2A0BA1B2-A0F1-479F-9083-2EC11D6B70DF}.Release StaticLib|x86.ActiveCfg = Release|Any CPU
		{2A0BA1B2-A0F1-479F-9083-2EC11D6B70DF}.Release|Any CPU.ActiveCfg = Release|Any CPU
		{2A0BA1B2-A0F1-479F-9083-2EC11D6B70DF}.Release|Any CPU.Build.0 = Release|Any CPU
		{2A0BA1B2-A0F1-479F-9083-2EC11D6B70DF}.Release|Mixed Platforms.ActiveCfg = Release|Any CPU
		{2A0BA1B2-A0F1-479F-9083-2EC11D6B70DF}.Release|Mixed Platforms.Build.0 = Release|Any CPU
		{2A0BA1B2-A0F1-479F-9083-2EC11D6B70DF}.Release|Win32.ActiveCfg = Release|Any CPU
		{2A0BA1B2-A0F1-479F-9083-2EC11D6B70DF}.Release|x64.ActiveCfg = Release|Any CPU
		{2A0BA1B2-A0F1-479F-9083-2EC11D6B70DF}.Release|x86.ActiveCfg = Release|Any CPU
		{0C2F6CDD-411A-47E5-AB24-84908042418B}.Debug Staticlib|Any CPU.ActiveCfg = Debug
		{0C2F6CDD-411A-47E5-AB24-84908042418B}.Debug Staticlib|Mixed Platforms.ActiveCfg = Debug
		{0C2F6CDD-411A-47E5-AB24-84908042418B}.Debug Staticlib|Win32.ActiveCfg = Debug
		{0C2F6CDD-411A-47E5-AB24-84908042418B}.Debug Staticlib|x64.ActiveCfg = Debug
		{0C2F6CDD-411A-47E5-AB24-84908042418B}.Debug Staticlib|x86.ActiveCfg = Debug
		{0C2F6CDD-411A-47E5-AB24-84908042418B}.Debug|Any CPU.ActiveCfg = Debug
		{0C2F6CDD-411A-47E5-AB24-84908042418B}.Debug|Mixed Platforms.ActiveCfg = Debug
		{0C2F6CDD-411A-47E5-AB24-84908042418B}.Debug|Win32.ActiveCfg = Debug
		{0C2F6CDD-411A-47E5-AB24-84908042418B}.Debug|x64.ActiveCfg = Debug
		{0C2F6CDD-411A-47E5-AB24-84908042418B}.Debug|x86.ActiveCfg = Debug
		{0C2F6CDD-411A-47E5-AB24-84908042418B}.Release StaticLib|Any CPU.ActiveCfg = Release
		{0C2F6CDD-411A-47E5-AB24-84908042418B}.Release StaticLib|Mixed Platforms.ActiveCfg = Release
		{0C2F6CDD-411A-47E5-AB24-84908042418B}.Release StaticLib|Win32.ActiveCfg = Release
		{0C2F6CDD-411A-47E5-AB24-84908042418B}.Release StaticLib|x64.ActiveCfg = Release
		{0C2F6CDD-411A-47E5-AB24-84908042418B}.Release StaticLib|x86.ActiveCfg = Release
		{0C2F6CDD-411A-47E5-AB24-84908042418B}.Release|Any CPU.ActiveCfg = Release
		{0C2F6CDD-411A-47E5-AB24-84908042418B}.Release|Mixed Platforms.ActiveCfg = Release
		{0C2F6CDD-411A-47E5-AB24-84908042418B}.Release|Win32.ActiveCfg = Release
		{0C2F6CDD-411A-47E5-AB24-84908042418B}.Release|x64.ActiveCfg = Release
		{0C2F6CDD-411A-47E5-AB24-84908042418B}.Release|x86.ActiveCfg = Release
		{3D14B6CB-F85F-4D13-89B1-B5E552C00E2A}.Debug Staticlib|Any CPU.ActiveCfg = Debug|Any CPU
		{3D14B6CB-F85F-4D13-89B1-B5E552C00E2A}.Debug Staticlib|Any CPU.Build.0 = Debug|Any CPU
		{3D14B6CB-F85F-4D13-89B1-B5E552C00E2A}.Debug Staticlib|Mixed Platforms.ActiveCfg = Debug|Any CPU
		{3D14B6CB-F85F-4D13-89B1-B5E552C00E2A}.Debug Staticlib|Mixed Platforms.Build.0 = Debug|Any CPU
		{3D14B6CB-F85F-4D13-89B1-B5E552C00E2A}.Debug Staticlib|Win32.ActiveCfg = Debug|Any CPU
		{3D14B6CB-F85F-4D13-89B1-B5E552C00E2A}.Debug Staticlib|x64.ActiveCfg = Debug|Any CPU
		{3D14B6CB-F85F-4D13-89B1-B5E552C00E2A}.Debug Staticlib|x86.ActiveCfg = Debug|Any CPU
		{3D14B6CB-F85F-4D13-89B1-B5E552C00E2A}.Debug|Any CPU.ActiveCfg = Debug|Any CPU
		{3D14B6CB-F85F-4D13-89B1-B5E552C00E2A}.Debug|Any CPU.Build.0 = Debug|Any CPU
		{3D14B6CB-F85F-4D13-89B1-B5E552C00E2A}.Debug|Mixed Platforms.ActiveCfg = Debug|Any CPU
		{3D14B6CB-F85F-4D13-89B1-B5E552C00E2A}.Debug|Mixed Platforms.Build.0 = Debug|Any CPU
		{3D14B6CB-F85F-4D13-89B1-B5E552C00E2A}.Debug|Win32.ActiveCfg = Debug|Any CPU
		{3D14B6CB-F85F-4D13-89B1-B5E552C00E2A}.Debug|x64.ActiveCfg = Debug|Any CPU
		{3D14B6CB-F85F-4D13-89B1-B5E552C00E2A}.Debug|x86.ActiveCfg = Debug|Any CPU
		{3D14B6CB-F85F-4D13-89B1-B5E552C00E2A}.Release StaticLib|Any CPU.ActiveCfg = Release|Any CPU
		{3D14B6CB-F85F-4D13-89B1-B5E552C00E2A}.Release StaticLib|Any CPU.Build.0 = Release|Any CPU
		{3D14B6CB-F85F-4D13-89B1-B5E552C00E2A}.Release StaticLib|Mixed Platforms.ActiveCfg = Release|Any CPU
		{3D14B6CB-F85F-4D13-89B1-B5E552C00E2A}.Release StaticLib|Mixed Platforms.Build.0 = Release|Any CPU
		{3D14B6CB-F85F-4D13-89B1-B5E552C00E2A}.Release StaticLib|Win32.ActiveCfg = Release|Any CPU
		{3D14B6CB-F85F-4D13-89B1-B5E552C00E2A}.Release StaticLib|x64.ActiveCfg = Release|Any CPU
		{3D14B6CB-F85F-4D13-89B1-B5E552C00E2A}.Release StaticLib|x86.ActiveCfg = Release|Any CPU
		{3D14B6CB-F85F-4D13-89B1-B5E552C00E2A}.Release|Any CPU.ActiveCfg = Release|Any CPU
		{3D14B6CB-F85F-4D13-89B1-B5E552C00E2A}.Release|Any CPU.Build.0 = Release|Any CPU
		{3D14B6CB-F85F-4D13-89B1-B5E552C00E2A}.Release|Mixed Platforms.ActiveCfg = Release|Any CPU
		{3D14B6CB-F85F-4D13-89B1-B5E552C00E2A}.Release|Mixed Platforms.Build.0 = Release|Any CPU
		{3D14B6CB-F85F-4D13-89B1-B5E552C00E2A}.Release|Win32.ActiveCfg = Release|Any CPU
		{3D14B6CB-F85F-4D13-89B1-B5E552C00E2A}.Release|x64.ActiveCfg = Release|Any CPU
		{3D14B6CB-F85F-4D13-89B1-B5E552C00E2A}.Release|x86.ActiveCfg = Release|Any CPU
	EndGlobalSection
	GlobalSection(SolutionProperties) = preSolution
		HideSolutionNode = FALSE
	EndGlobalSection
EndGlobal
